{
  "nodes": {
    "nixpkgs": {
      "locked": {
        "lastModified": 1788405554,
        "narHash": "sha256-r2f1oUwixlgq9zOdYLqJLfS/lWBT60/IITjhTKI59JU=",
        "owner": "NixOS",
        "repo": "nixpkgs",
        "rev": "a5cc6f2c37bf518436dc8d1c288ccd0c43c2f4c4",
        "type": "github"
      },
      "original": {
        "owner": "NixOS",
        "ref": "nixos-26.05",
        "repo": "nixpkgs",
        "type": "github"
      }
    },
    "pi-src": {
      "flake": false,
      "locked": {
        "lastModified": 1788609286,
        "narHash": "sha256-gU8BSiqqOYt2RRuQONHHGvZeSM5KFQVrwif9bmuUXUc=",
        "owner": "earendil-works",
        "repo": "pi",
        "rev": "d981de1229ef899957bbe968bc8dcda02a21f477",
        "type": "github"
      },
      "original": {
        "owner": "earendil-works",
        "ref": "v0.85.1",
        "repo": "pi",
        "type": "github"
      }
    },
    "root": {
      "inputs": {
        "nixpkgs": "nixpkgs",
        "pi-src": "pi-src"
      }
    }
  },
  "root": "root",
  "version": 7
}
