{
  "nodes": {
    "nixpkgs": {
      "locked": {
        "lastModified": 1788405554,
        "narHash": "sha256-r2f1oUwixlgq9zOdYLqJLfS/lWBT60/IITjhTKI59JU=",
        "owner": "NixOS",
        "repo": "nixpkgs",
        "rev": "a5cc6f2c37bf518436dc8d1c288ccd0c43c2f4c4",
        "type": "github"
      },
      "original": {
        "owner": "NixOS",
        "ref": "nixos-26.05",
        "repo": "nixpkgs",
        "type": "github"
      }
    },
    "pi-src": {
      "flake": false,
      "locked": {
        "lastModified": 1790880741,
        "narHash": "sha256-CGznIVHXG6gr2F8vzHcR/v4P9xJgZHeMTt/CJ/kB78o=",
        "owner": "earendil-works",
        "repo": "pi",
        "rev": "a13d35a742c6ef8462812a28fbe1d8c8b7431c32",
        "type": "github"
      },
      "original": {
        "owner": "earendil-works",
        "ref": "v1.0.0",
        "repo": "pi",
        "type": "github"
      }
    },
    "root": {
      "inputs": {
        "nixpkgs": "nixpkgs",
        "pi-src": "pi-src"
      }
    }
  },
  "root": "root",
  "version": 7
}
